Microsoft Visual Studio Solution File, Format Version 11.00
# Visual Studio 2008

Project("{ACE990E5-EC77-7F36-B5F3-BCE0A6C2BDDD}") = "project4", "Assembly-CSharp-firstpass.csproj", "{EA977C01-A6BF-CF76-FEEF-994D6305F8F8}"
EndProject
Project("{ACE990E5-EC77-7F36-B5F3-BCE0A6C2BDDD}") = "project4", "Assembly-CSharp.csproj", "{2FA86D2E-88B4-5FE9-EBFC-1CBFD603A996}"
EndProject
Project("{ACE990E5-EC77-7F36-B5F3-BCE0A6C2BDDD}") = "project4", "Assembly-CSharp-Editor.csproj", "{2AF69741-E879-132E-252F-C375FE935F64}"
EndProject
Project("{ACE990E5-EC77-7F36-B5F3-BCE0A6C2BDDD}") = "project4", "Assembly-UnityScript.unityproj", "{4D39838C-2C3E-D3D6-E04E-C5BB442F09D3}"
EndProject
Project("{ACE990E5-EC77-7F36-B5F3-BCE0A6C2BDDD}") = "project4", "Assembly-UnityScript-Editor.unityproj", "{C643750F-D131-89B1-58FD-6BAF4B3BEC97}"
EndProject
Global
	GlobalSection(SolutionConfigurationPlatforms) = preSolution
		Debug|Any CPU = Debug|Any CPU
		Release|Any CPU = Release|Any CPU
	EndGlobalSection
	GlobalSection(ProjectConfigurationPlatforms) = postSolution
		{EA977C01-A6BF-CF76-FEEF-994D6305F8F8}.Debug|Any CPU.ActiveCfg = Debug|Any CPU
		{EA977C01-A6BF-CF76-FEEF-994D6305F8F8}.Debug|Any CPU.Build.0 = Debug|Any CPU
		{EA977C01-A6BF-CF76-FEEF-994D6305F8F8}.Release|Any CPU.ActiveCfg = Release|Any CPU
		{EA977C01-A6BF-CF76-FEEF-994D6305F8F8}.Release|Any CPU.Build.0 = Release|Any CPU
		{2FA86D2E-88B4-5FE9-EBFC-1CBFD603A996}.Debug|Any CPU.ActiveCfg = Debug|Any CPU
		{2FA86D2E-88B4-5FE9-EBFC-1CBFD603A996}.Debug|Any CPU.Build.0 = Debug|Any CPU
		{2FA86D2E-88B4-5FE9-EBFC-1CBFD603A996}.Release|Any CPU.ActiveCfg = Release|Any CPU
		{2FA86D2E-88B4-5FE9-EBFC-1CBFD603A996}.Release|Any CPU.Build.0 = Release|Any CPU
		{2AF69741-E879-132E-252F-C375FE935F64}.Debug|Any CPU.ActiveCfg = Debug|Any CPU
		{2AF69741-E879-132E-252F-C375FE935F64}.Debug|Any CPU.Build.0 = Debug|Any CPU
		{2AF69741-E879-132E-252F-C375FE935F64}.Release|Any CPU.ActiveCfg = Release|Any CPU
		{2AF69741-E879-132E-252F-C375FE935F64}.Release|Any CPU.Build.0 = Release|Any CPU
		{4D39838C-2C3E-D3D6-E04E-C5BB442F09D3}.Debug|Any CPU.ActiveCfg = Debug|Any CPU
		{4D39838C-2C3E-D3D6-E04E-C5BB442F09D3}.Debug|Any CPU.Build.0 = Debug|Any CPU
		{4D39838C-2C3E-D3D6-E04E-C5BB442F09D3}.Release|Any CPU.ActiveCfg = Release|Any CPU
		{4D39838C-2C3E-D3D6-E04E-C5BB442F09D3}.Release|Any CPU.Build.0 = Release|Any CPU
		{C643750F-D131-89B1-58FD-6BAF4B3BEC97}.Debug|Any CPU.ActiveCfg = Debug|Any CPU
		{C643750F-D131-89B1-58FD-6BAF4B3BEC97}.Debug|Any CPU.Build.0 = Debug|Any CPU
		{C643750F-D131-89B1-58FD-6BAF4B3BEC97}.Release|Any CPU.ActiveCfg = Release|Any CPU
		{C643750F-D131-89B1-58FD-6BAF4B3BEC97}.Release|Any CPU.Build.0 = Release|Any CPU
	EndGlobalSection
	GlobalSection(SolutionProperties) = preSolution
		HideSolutionNode = FALSE
	EndGlobalSection
	GlobalSection(MonoDevelopProperties) = preSolution
		StartupItem = Assembly-CSharp.csproj
	EndGlobalSection
EndGlobal
